
Microsoft Visual Studio Solution File, Format Version 12.00
# Visual Studio Version 17
VisualStudioVersion = 17.0.31912.275
MinimumVisualStudioVersion = 10.0.40219.1
Project("{FAE04EC0-301F-11D3-BF4B-00C04F79EFBC}") = "DelegateConsole", "DelegateConsole\DelegateConsole.csproj", "{171D57F5-9E1F-4242-A5E0-6C629E3DC233}"
EndProject
Global
	GlobalSection(SolutionConfigurationPlatforms) = preSolution
		Debug|Any CPU = Debug|Any CPU
		Release|Any CPU = Release|Any CPU
	EndGlobalSection
	GlobalSection(ProjectConfigurationPlatforms) = postSolution
		{171D57F5-9E1F-4242-A5E0-6C629E3DC233}.Debug|Any CPU.ActiveCfg = Debug|Any CPU
		{171D57F5-9E1F-4242-A5E0-6C629E3DC233}.Debug|Any CPU.Build.0 = Debug|Any CPU
		{171D57F5-9E1F-4242-A5E0-6C629E3DC233}.Release|Any CPU.ActiveCfg = Release|Any CPU
		{171D57F5-9E1F-4242-A5E0-6C629E3DC233}.Release|Any CPU.Build.0 = Release|Any CPU
	EndGlobalSection
	GlobalSection(SolutionProperties) = preSolution
		HideSolutionNode = FALSE
	EndGlobalSection
	GlobalSection(ExtensibilityGlobals) = postSolution
		SolutionGuid = {FA6FC2C0-CE7A-4814-B8C3-4F91B0EFAF16}
	EndGlobalSection
EndGlobal
